
Microsoft Visual Studio Solution File, Format Version 12.00
Project("{FAE04EC0-301F-11D3-BF4B-00C04F79EFBC}") = "LeapYearTask", "LeapYearTask\LeapYearTask.csproj", "{DAE6E2A7-E12B-47FE-8DEB-0E9B0829D5BA}"
EndProject
Project("{FAE04EC0-301F-11D3-BF4B-00C04F79EFBC}") = "LeapYearTask.Tests", "LeapYearTask.Tests\LeapYearTask.Tests.csproj", "{1C44B462-0C79-44FE-B72F-B860CA5B14D7}"
EndProject
Global
	GlobalSection(SolutionConfigurationPlatforms) = preSolution
		Debug|Any CPU = Debug|Any CPU
		Release|Any CPU = Release|Any CPU
	EndGlobalSection
	GlobalSection(ProjectConfigurationPlatforms) = postSolution
		{DAE6E2A7-E12B-47FE-8DEB-0E9B0829D5BA}.Debug|Any CPU.ActiveCfg = Debug|Any CPU
		{DAE6E2A7-E12B-47FE-8DEB-0E9B0829D5BA}.Debug|Any CPU.Build.0 = Debug|Any CPU
		{DAE6E2A7-E12B-47FE-8DEB-0E9B0829D5BA}.Release|Any CPU.ActiveCfg = Release|Any CPU
		{DAE6E2A7-E12B-47FE-8DEB-0E9B0829D5BA}.Release|Any CPU.Build.0 = Release|Any CPU
		{1C44B462-0C79-44FE-B72F-B860CA5B14D7}.Debug|Any CPU.ActiveCfg = Debug|Any CPU
		{1C44B462-0C79-44FE-B72F-B860CA5B14D7}.Debug|Any CPU.Build.0 = Debug|Any CPU
		{1C44B462-0C79-44FE-B72F-B860CA5B14D7}.Release|Any CPU.ActiveCfg = Release|Any CPU
		{1C44B462-0C79-44FE-B72F-B860CA5B14D7}.Release|Any CPU.Build.0 = Release|Any CPU
	EndGlobalSection
EndGlobal
